
Microsoft Visual Studio Solution File, Format Version 12.00
# Visual Studio Version 17
VisualStudioVersion = 17.5.33414.496
MinimumVisualStudioVersion = 10.0.40219.1
Project("{D2ABAB84-BF74-430A-B69E-9DC6D40DDA17}") = "Analysis_HigherEducationDB", "Analysis_HigherEducationDB\Analysis_HigherEducationDB.dwproj", "{5A2A4F7E-FE46-49FC-80F3-8EC3FFA913E3}"
EndProject
Global
	GlobalSection(SolutionConfigurationPlatforms) = preSolution
		Development|Default = Development|Default
	EndGlobalSection
	GlobalSection(ProjectConfigurationPlatforms) = postSolution
		{5A2A4F7E-FE46-49FC-80F3-8EC3FFA913E3}.Development|Default.ActiveCfg = Development
		{5A2A4F7E-FE46-49FC-80F3-8EC3FFA913E3}.Development|Default.Build.0 = Development
		{5A2A4F7E-FE46-49FC-80F3-8EC3FFA913E3}.Development|Default.Deploy.0 = Development
	EndGlobalSection
	GlobalSection(SolutionProperties) = preSolution
		HideSolutionNode = FALSE
	EndGlobalSection
	GlobalSection(ExtensibilityGlobals) = postSolution
		SolutionGuid = {9E6C72B5-1CB0-47A8-8320-F9C57F6D020F}
	EndGlobalSection
EndGlobal
